
Microsoft Visual Studio Solution File, Format Version 11.00
# Visual Studio 2010
Project("{FAE04EC0-301F-11D3-BF4B-00C04F79EFBC}") = "poker", "src\poker.csproj", "{6518F44D-A35B-4228-BC38-268B372D3C67}"
EndProject
Project("{2150E333-8FDC-42A3-9474-1A3956D46DE8}") = "build", "build", "{4713B789-C797-4766-B0B6-780B4DFF80D6}"
	ProjectSection(SolutionItems) = preProject
		build\default.js = build\default.js
		build\funcs.js = build\funcs.js
	EndProjectSection
EndProject
Project("{FAE04EC0-301F-11D3-BF4B-00C04F79EFBC}") = "poker.tests", "tests\poker.tests.csproj", "{11CB2CD3-5DF7-4E6F-80B3-5A6418CD0A1C}"
EndProject
Global
	GlobalSection(SolutionConfigurationPlatforms) = preSolution
		Debug|Any CPU = Debug|Any CPU
		Release|Any CPU = Release|Any CPU
	EndGlobalSection
	GlobalSection(ProjectConfigurationPlatforms) = postSolution
		{6518F44D-A35B-4228-BC38-268B372D3C67}.Debug|Any CPU.ActiveCfg = Debug|Any CPU
		{6518F44D-A35B-4228-BC38-268B372D3C67}.Debug|Any CPU.Build.0 = Debug|Any CPU
		{6518F44D-A35B-4228-BC38-268B372D3C67}.Release|Any CPU.ActiveCfg = Release|Any CPU
		{6518F44D-A35B-4228-BC38-268B372D3C67}.Release|Any CPU.Build.0 = Release|Any CPU
		{11CB2CD3-5DF7-4E6F-80B3-5A6418CD0A1C}.Debug|Any CPU.ActiveCfg = Debug|Any CPU
		{11CB2CD3-5DF7-4E6F-80B3-5A6418CD0A1C}.Debug|Any CPU.Build.0 = Debug|Any CPU
		{11CB2CD3-5DF7-4E6F-80B3-5A6418CD0A1C}.Release|Any CPU.ActiveCfg = Release|Any CPU
		{11CB2CD3-5DF7-4E6F-80B3-5A6418CD0A1C}.Release|Any CPU.Build.0 = Release|Any CPU
	EndGlobalSection
	GlobalSection(SolutionProperties) = preSolution
		HideSolutionNode = FALSE
	EndGlobalSection
EndGlobal
